
Microsoft Visual Studio Solution File, Format Version 12.00
# Visual Studio Version 16
VisualStudioVersion = 16.0.32002.261
MinimumVisualStudioVersion = 10.0.40219.1
Project("{FAE04EC0-301F-11D3-BF4B-00C04F79EFBC}") = "ConsoleApp1", "ConsoleApp1\ConsoleApp1.csproj", "{03C3823B-0F8D-4C09-9879-B6DCBE35418D}"
EndProject
Project("{FAE04EC0-301F-11D3-BF4B-00C04F79EFBC}") = "ConsoleApp2", "ConsoleApp2\ConsoleApp2.csproj", "{4F57A194-77B5-4A0D-8456-B310B8A6A62B}"
EndProject
Project("{FAE04EC0-301F-11D3-BF4B-00C04F79EFBC}") = "ConsoleApp3", "ConsoleApp3\ConsoleApp3.csproj", "{F3E6AC22-90F6-4E30-8DD2-15DB94C61563}"
EndProject
Global
	GlobalSection(SolutionConfigurationPlatforms) = preSolution
		Debug|Any CPU = Debug|Any CPU
		Release|Any CPU = Release|Any CPU
	EndGlobalSection
	GlobalSection(ProjectConfigurationPlatforms) = postSolution
		{03C3823B-0F8D-4C09-9879-B6DCBE35418D}.Debug|Any CPU.ActiveCfg = Debug|Any CPU
		{03C3823B-0F8D-4C09-9879-B6DCBE35418D}.Debug|Any CPU.Build.0 = Debug|Any CPU
		{03C3823B-0F8D-4C09-9879-B6DCBE35418D}.Release|Any CPU.ActiveCfg = Release|Any CPU
		{03C3823B-0F8D-4C09-9879-B6DCBE35418D}.Release|Any CPU.Build.0 = Release|Any CPU
		{4F57A194-77B5-4A0D-8456-B310B8A6A62B}.Debug|Any CPU.ActiveCfg = Debug|Any CPU
		{4F57A194-77B5-4A0D-8456-B310B8A6A62B}.Debug|Any CPU.Build.0 = Debug|Any CPU
		{4F57A194-77B5-4A0D-8456-B310B8A6A62B}.Release|Any CPU.ActiveCfg = Release|Any CPU
		{4F57A194-77B5-4A0D-8456-B310B8A6A62B}.Release|Any CPU.Build.0 = Release|Any CPU
		{F3E6AC22-90F6-4E30-8DD2-15DB94C61563}.Debug|Any CPU.ActiveCfg = Debug|Any CPU
		{F3E6AC22-90F6-4E30-8DD2-15DB94C61563}.Debug|Any CPU.Build.0 = Debug|Any CPU
		{F3E6AC22-90F6-4E30-8DD2-15DB94C61563}.Release|Any CPU.ActiveCfg = Release|Any CPU
		{F3E6AC22-90F6-4E30-8DD2-15DB94C61563}.Release|Any CPU.Build.0 = Release|Any CPU
	EndGlobalSection
	GlobalSection(SolutionProperties) = preSolution
		HideSolutionNode = FALSE
	EndGlobalSection
	GlobalSection(ExtensibilityGlobals) = postSolution
		SolutionGuid = {F72BAAA6-7B07-4060-92F0-61D7F07B458C}
	EndGlobalSection
EndGlobal
